
Microsoft Visual Studio Solution File, Format Version 12.00
# Visual Studio Version 16
VisualStudioVersion = 16.0.810.25
MinimumVisualStudioVersion = 10.0.40219.1
Project("{FAE04EC0-301F-11D3-BF4B-00C04F79EFBC}") = "AuthProject", "AuthProject\AuthProject.csproj", "{D892C4A2-D0C4-4C2B-925C-DF71157CEFCD}"
EndProject
Project("{FAE04EC0-301F-11D3-BF4B-00C04F79EFBC}") = "SharedModelNamespace", "..\SharedModelNamespace\SharedModelNamespace\SharedModelNamespace.csproj", "{4D6048C7-9FAC-44C6-9A6C-86EBB4DF793E}"
EndProject
Global
	GlobalSection(SolutionConfigurationPlatforms) = preSolution
		Debug|Any CPU = Debug|Any CPU
		Release|Any CPU = Release|Any CPU
	EndGlobalSection
	GlobalSection(ProjectConfigurationPlatforms) = postSolution
		{D892C4A2-D0C4-4C2B-925C-DF71157CEFCD}.Debug|Any CPU.ActiveCfg = Debug|Any CPU
		{D892C4A2-D0C4-4C2B-925C-DF71157CEFCD}.Debug|Any CPU.Build.0 = Debug|Any CPU
		{D892C4A2-D0C4-4C2B-925C-DF71157CEFCD}.Release|Any CPU.ActiveCfg = Release|Any CPU
		{D892C4A2-D0C4-4C2B-925C-DF71157CEFCD}.Release|Any CPU.Build.0 = Release|Any CPU
		{4D6048C7-9FAC-44C6-9A6C-86EBB4DF793E}.Debug|Any CPU.ActiveCfg = Debug|Any CPU
		{4D6048C7-9FAC-44C6-9A6C-86EBB4DF793E}.Debug|Any CPU.Build.0 = Debug|Any CPU
		{4D6048C7-9FAC-44C6-9A6C-86EBB4DF793E}.Release|Any CPU.ActiveCfg = Release|Any CPU
		{4D6048C7-9FAC-44C6-9A6C-86EBB4DF793E}.Release|Any CPU.Build.0 = Release|Any CPU
	EndGlobalSection
	GlobalSection(SolutionProperties) = preSolution
		HideSolutionNode = FALSE
	EndGlobalSection
	GlobalSection(ExtensibilityGlobals) = postSolution
		SolutionGuid = {26D2E1FE-8D7A-4E35-B4F8-E355065C152E}
	EndGlobalSection
EndGlobal
