
Microsoft Visual Studio Solution File, Format Version 12.00
# Visual Studio Version 16
VisualStudioVersion = 25.0.1706.5
MinimumVisualStudioVersion = 10.0.40219.1
Project("{FAE04EC0-301F-11D3-BF4B-00C04F79EFBC}") = "CRUDAPI", "CRUDAPI.csproj", "{2FFD7A97-C695-4D86-BFCE-7FD42C4F1D95}"
EndProject
Global
	GlobalSection(SolutionConfigurationPlatforms) = preSolution
		Debug|Any CPU = Debug|Any CPU
		Release|Any CPU = Release|Any CPU
	EndGlobalSection
	GlobalSection(ProjectConfigurationPlatforms) = postSolution
		{2FFD7A97-C695-4D86-BFCE-7FD42C4F1D95}.Debug|Any CPU.ActiveCfg = Debug|Any CPU
		{2FFD7A97-C695-4D86-BFCE-7FD42C4F1D95}.Debug|Any CPU.Build.0 = Debug|Any CPU
		{2FFD7A97-C695-4D86-BFCE-7FD42C4F1D95}.Release|Any CPU.ActiveCfg = Release|Any CPU
		{2FFD7A97-C695-4D86-BFCE-7FD42C4F1D95}.Release|Any CPU.Build.0 = Release|Any CPU
	EndGlobalSection
	GlobalSection(SolutionProperties) = preSolution
		HideSolutionNode = FALSE
	EndGlobalSection
	GlobalSection(ExtensibilityGlobals) = postSolution
		SolutionGuid = {8B284B6F-2A09-416D-BCBB-6F006C149938}
	EndGlobalSection
EndGlobal
